
Microsoft Visual Studio Solution File, Format Version 12.00
# Visual Studio 15
Project("{FAE04EC0-301F-11D3-BF4B-00C04F79EFBC}") = "Assembly-CSharp", "Assembly-CSharp.csproj", "{E9B7D07C-559E-BA5C-A129-3986AD749F4B}"
EndProject
Project("{FAE04EC0-301F-11D3-BF4B-00C04F79EFBC}") = "Assembly-CSharp-firstpass", "Assembly-CSharp-firstpass.csproj", "{EC4538BF-F9E2-65D4-4243-9DA07B952E19}"
EndProject
Project("{FAE04EC0-301F-11D3-BF4B-00C04F79EFBC}") = "Assembly-CSharp-Editor", "Assembly-CSharp-Editor.csproj", "{5468FEF8-6B5C-A838-6338-12AABCE3BE8D}"
EndProject
Global
	GlobalSection(SolutionConfigurationPlatforms) = preSolution
		Debug|Any CPU = Debug|Any CPU
		Release|Any CPU = Release|Any CPU
	EndGlobalSection
	GlobalSection(ProjectConfigurationPlatforms) = postSolution
		{E9B7D07C-559E-BA5C-A129-3986AD749F4B}.Debug|Any CPU.ActiveCfg = Debug|Any CPU
		{E9B7D07C-559E-BA5C-A129-3986AD749F4B}.Debug|Any CPU.Build.0 = Debug|Any CPU
		{E9B7D07C-559E-BA5C-A129-3986AD749F4B}.Release|Any CPU.ActiveCfg = Release|Any CPU
		{E9B7D07C-559E-BA5C-A129-3986AD749F4B}.Release|Any CPU.Build.0 = Release|Any CPU
		{EC4538BF-F9E2-65D4-4243-9DA07B952E19}.Debug|Any CPU.ActiveCfg = Debug|Any CPU
		{EC4538BF-F9E2-65D4-4243-9DA07B952E19}.Debug|Any CPU.Build.0 = Debug|Any CPU
		{EC4538BF-F9E2-65D4-4243-9DA07B952E19}.Release|Any CPU.ActiveCfg = Release|Any CPU
		{EC4538BF-F9E2-65D4-4243-9DA07B952E19}.Release|Any CPU.Build.0 = Release|Any CPU
		{5468FEF8-6B5C-A838-6338-12AABCE3BE8D}.Debug|Any CPU.ActiveCfg = Debug|Any CPU
		{5468FEF8-6B5C-A838-6338-12AABCE3BE8D}.Debug|Any CPU.Build.0 = Debug|Any CPU
		{5468FEF8-6B5C-A838-6338-12AABCE3BE8D}.Release|Any CPU.ActiveCfg = Release|Any CPU
		{5468FEF8-6B5C-A838-6338-12AABCE3BE8D}.Release|Any CPU.Build.0 = Release|Any CPU
	EndGlobalSection
	GlobalSection(SolutionProperties) = preSolution
		HideSolutionNode = FALSE
	EndGlobalSection
EndGlobal
