
Microsoft Visual Studio Solution File, Format Version 12.00
# Visual Studio 15
Project("{FAE04EC0-301F-11D3-BF4B-00C04F79EFBC}") = "Assembly-CSharp", "Assembly-CSharp.csproj", "{3B14E74C-6C40-081B-39CE-F85831146CF8}"
EndProject
Project("{FAE04EC0-301F-11D3-BF4B-00C04F79EFBC}") = "Assembly-CSharp-Editor", "Assembly-CSharp-Editor.csproj", "{0358D536-0FC1-F9A5-7BB5-6A554BDE63BB}"
EndProject
Global
	GlobalSection(SolutionConfigurationPlatforms) = preSolution
		Debug|Any CPU = Debug|Any CPU
		Release|Any CPU = Release|Any CPU
	EndGlobalSection
	GlobalSection(ProjectConfigurationPlatforms) = postSolution
		{3B14E74C-6C40-081B-39CE-F85831146CF8}.Debug|Any CPU.ActiveCfg = Debug|Any CPU
		{3B14E74C-6C40-081B-39CE-F85831146CF8}.Debug|Any CPU.Build.0 = Debug|Any CPU
		{3B14E74C-6C40-081B-39CE-F85831146CF8}.Release|Any CPU.ActiveCfg = Release|Any CPU
		{3B14E74C-6C40-081B-39CE-F85831146CF8}.Release|Any CPU.Build.0 = Release|Any CPU
		{0358D536-0FC1-F9A5-7BB5-6A554BDE63BB}.Debug|Any CPU.ActiveCfg = Debug|Any CPU
		{0358D536-0FC1-F9A5-7BB5-6A554BDE63BB}.Debug|Any CPU.Build.0 = Debug|Any CPU
		{0358D536-0FC1-F9A5-7BB5-6A554BDE63BB}.Release|Any CPU.ActiveCfg = Release|Any CPU
		{0358D536-0FC1-F9A5-7BB5-6A554BDE63BB}.Release|Any CPU.Build.0 = Release|Any CPU
	EndGlobalSection
	GlobalSection(SolutionProperties) = preSolution
		HideSolutionNode = FALSE
	EndGlobalSection
EndGlobal
