
Microsoft Visual Studio Solution File, Format Version 12.00
# Visual Studio 2015
Project("{FAE04EC0-301F-11D3-BF4B-00C04F79EFBC}") = "Ghost Hunter.CSharp.Plugins", "Ghost Hunter.CSharp.Plugins.csproj", "{544E02EA-38FA-C8CF-4332-9BB9C3B914F9}"
EndProject
Project("{FAE04EC0-301F-11D3-BF4B-00C04F79EFBC}") = "Ghost Hunter.CSharp", "Ghost Hunter.CSharp.csproj", "{6D781B85-DE9D-A657-8AF6-7A4EE55E3FDE}"
EndProject
Project("{FAE04EC0-301F-11D3-BF4B-00C04F79EFBC}") = "Ghost Hunter.CSharp.Editor.Plugins", "Ghost Hunter.CSharp.Editor.Plugins.csproj", "{2B5016EE-6F6B-E325-20FC-47BEFEA901B1}"
EndProject
Project("{FAE04EC0-301F-11D3-BF4B-00C04F79EFBC}") = "Ghost Hunter.CSharp.Editor", "Ghost Hunter.CSharp.Editor.csproj", "{3639B030-F132-BD1C-5D0E-93822B570709}"
EndProject
Global
	GlobalSection(SolutionConfigurationPlatforms) = preSolution
		Debug|Any CPU = Debug|Any CPU
		Release|Any CPU = Release|Any CPU
	EndGlobalSection
	GlobalSection(ProjectConfigurationPlatforms) = postSolution
		{544E02EA-38FA-C8CF-4332-9BB9C3B914F9}.Debug|Any CPU.ActiveCfg = Debug|Any CPU
		{544E02EA-38FA-C8CF-4332-9BB9C3B914F9}.Debug|Any CPU.Build.0 = Debug|Any CPU
		{544E02EA-38FA-C8CF-4332-9BB9C3B914F9}.Release|Any CPU.ActiveCfg = Release|Any CPU
		{544E02EA-38FA-C8CF-4332-9BB9C3B914F9}.Release|Any CPU.Build.0 = Release|Any CPU
		{6D781B85-DE9D-A657-8AF6-7A4EE55E3FDE}.Debug|Any CPU.ActiveCfg = Debug|Any CPU
		{6D781B85-DE9D-A657-8AF6-7A4EE55E3FDE}.Debug|Any CPU.Build.0 = Debug|Any CPU
		{6D781B85-DE9D-A657-8AF6-7A4EE55E3FDE}.Release|Any CPU.ActiveCfg = Release|Any CPU
		{6D781B85-DE9D-A657-8AF6-7A4EE55E3FDE}.Release|Any CPU.Build.0 = Release|Any CPU
		{2B5016EE-6F6B-E325-20FC-47BEFEA901B1}.Debug|Any CPU.ActiveCfg = Debug|Any CPU
		{2B5016EE-6F6B-E325-20FC-47BEFEA901B1}.Debug|Any CPU.Build.0 = Debug|Any CPU
		{2B5016EE-6F6B-E325-20FC-47BEFEA901B1}.Release|Any CPU.ActiveCfg = Release|Any CPU
		{2B5016EE-6F6B-E325-20FC-47BEFEA901B1}.Release|Any CPU.Build.0 = Release|Any CPU
		{3639B030-F132-BD1C-5D0E-93822B570709}.Debug|Any CPU.ActiveCfg = Debug|Any CPU
		{3639B030-F132-BD1C-5D0E-93822B570709}.Debug|Any CPU.Build.0 = Debug|Any CPU
		{3639B030-F132-BD1C-5D0E-93822B570709}.Release|Any CPU.ActiveCfg = Release|Any CPU
		{3639B030-F132-BD1C-5D0E-93822B570709}.Release|Any CPU.Build.0 = Release|Any CPU
	EndGlobalSection
	GlobalSection(SolutionProperties) = preSolution
		HideSolutionNode = FALSE
	EndGlobalSection
EndGlobal
