
Microsoft Visual Studio Solution File, Format Version 12.00
# Visual Studio 15
Project("{FAE04EC0-301F-11D3-BF4B-00C04F79EFBC}") = "Assembly-CSharp", "Assembly-CSharp.csproj", "{ECA30C52-A80A-0C3B-2E08-2BFD4F3073C3}"
EndProject
Project("{FAE04EC0-301F-11D3-BF4B-00C04F79EFBC}") = "Assembly-CSharp-Editor", "Assembly-CSharp-Editor.csproj", "{0B065B36-A37F-7988-C92E-62C589DD8ABC}"
EndProject
Global
	GlobalSection(SolutionConfigurationPlatforms) = preSolution
		Debug|Any CPU = Debug|Any CPU
		Release|Any CPU = Release|Any CPU
	EndGlobalSection
	GlobalSection(ProjectConfigurationPlatforms) = postSolution
		{ECA30C52-A80A-0C3B-2E08-2BFD4F3073C3}.Debug|Any CPU.ActiveCfg = Debug|Any CPU
		{ECA30C52-A80A-0C3B-2E08-2BFD4F3073C3}.Debug|Any CPU.Build.0 = Debug|Any CPU
		{ECA30C52-A80A-0C3B-2E08-2BFD4F3073C3}.Release|Any CPU.ActiveCfg = Release|Any CPU
		{ECA30C52-A80A-0C3B-2E08-2BFD4F3073C3}.Release|Any CPU.Build.0 = Release|Any CPU
		{0B065B36-A37F-7988-C92E-62C589DD8ABC}.Debug|Any CPU.ActiveCfg = Debug|Any CPU
		{0B065B36-A37F-7988-C92E-62C589DD8ABC}.Debug|Any CPU.Build.0 = Debug|Any CPU
		{0B065B36-A37F-7988-C92E-62C589DD8ABC}.Release|Any CPU.ActiveCfg = Release|Any CPU
		{0B065B36-A37F-7988-C92E-62C589DD8ABC}.Release|Any CPU.Build.0 = Release|Any CPU
	EndGlobalSection
	GlobalSection(SolutionProperties) = preSolution
		HideSolutionNode = FALSE
	EndGlobalSection
EndGlobal
