
Microsoft Visual Studio Solution File, Format Version 12.00
# Visual Studio 15
Project("{FAE04EC0-301F-11D3-BF4B-00C04F79EFBC}") = "Assembly-CSharp", "Assembly-CSharp.csproj", "{869D8630-1749-6F31-6617-EAA9DC8F79AC}"
EndProject
Project("{FAE04EC0-301F-11D3-BF4B-00C04F79EFBC}") = "Assembly-CSharp-Editor", "Assembly-CSharp-Editor.csproj", "{D942B6A0-6201-0503-5D46-89711CCA5D5F}"
EndProject
Global
	GlobalSection(SolutionConfigurationPlatforms) = preSolution
		Debug|Any CPU = Debug|Any CPU
		Release|Any CPU = Release|Any CPU
	EndGlobalSection
	GlobalSection(ProjectConfigurationPlatforms) = postSolution
		{869D8630-1749-6F31-6617-EAA9DC8F79AC}.Debug|Any CPU.ActiveCfg = Debug|Any CPU
		{869D8630-1749-6F31-6617-EAA9DC8F79AC}.Debug|Any CPU.Build.0 = Debug|Any CPU
		{869D8630-1749-6F31-6617-EAA9DC8F79AC}.Release|Any CPU.ActiveCfg = Release|Any CPU
		{869D8630-1749-6F31-6617-EAA9DC8F79AC}.Release|Any CPU.Build.0 = Release|Any CPU
		{D942B6A0-6201-0503-5D46-89711CCA5D5F}.Debug|Any CPU.ActiveCfg = Debug|Any CPU
		{D942B6A0-6201-0503-5D46-89711CCA5D5F}.Debug|Any CPU.Build.0 = Debug|Any CPU
		{D942B6A0-6201-0503-5D46-89711CCA5D5F}.Release|Any CPU.ActiveCfg = Release|Any CPU
		{D942B6A0-6201-0503-5D46-89711CCA5D5F}.Release|Any CPU.Build.0 = Release|Any CPU
	EndGlobalSection
	GlobalSection(SolutionProperties) = preSolution
		HideSolutionNode = FALSE
	EndGlobalSection
EndGlobal
