
Microsoft Visual Studio Solution File, Format Version 12.00
# Visual Studio 15
Project("{FAE04EC0-301F-11D3-BF4B-00C04F79EFBC}") = "Assembly-CSharp", "Assembly-CSharp.csproj", "{FCF0A0FA-0B7C-506B-C8A2-46FD56BB62D2}"
EndProject
Project("{FAE04EC0-301F-11D3-BF4B-00C04F79EFBC}") = "Assembly-CSharp-firstpass", "Assembly-CSharp-firstpass.csproj", "{7DD0C535-5CDE-67B4-13D8-59F5C40B4309}"
EndProject
Project("{FAE04EC0-301F-11D3-BF4B-00C04F79EFBC}") = "Assembly-CSharp-Editor", "Assembly-CSharp-Editor.csproj", "{D8D1A8EE-8B64-F476-F1D3-94225BF27AB8}"
EndProject
Global
	GlobalSection(SolutionConfigurationPlatforms) = preSolution
		Debug|Any CPU = Debug|Any CPU
		Release|Any CPU = Release|Any CPU
	EndGlobalSection
	GlobalSection(ProjectConfigurationPlatforms) = postSolution
		{FCF0A0FA-0B7C-506B-C8A2-46FD56BB62D2}.Debug|Any CPU.ActiveCfg = Debug|Any CPU
		{FCF0A0FA-0B7C-506B-C8A2-46FD56BB62D2}.Debug|Any CPU.Build.0 = Debug|Any CPU
		{FCF0A0FA-0B7C-506B-C8A2-46FD56BB62D2}.Release|Any CPU.ActiveCfg = Release|Any CPU
		{FCF0A0FA-0B7C-506B-C8A2-46FD56BB62D2}.Release|Any CPU.Build.0 = Release|Any CPU
		{7DD0C535-5CDE-67B4-13D8-59F5C40B4309}.Debug|Any CPU.ActiveCfg = Debug|Any CPU
		{7DD0C535-5CDE-67B4-13D8-59F5C40B4309}.Debug|Any CPU.Build.0 = Debug|Any CPU
		{7DD0C535-5CDE-67B4-13D8-59F5C40B4309}.Release|Any CPU.ActiveCfg = Release|Any CPU
		{7DD0C535-5CDE-67B4-13D8-59F5C40B4309}.Release|Any CPU.Build.0 = Release|Any CPU
		{D8D1A8EE-8B64-F476-F1D3-94225BF27AB8}.Debug|Any CPU.ActiveCfg = Debug|Any CPU
		{D8D1A8EE-8B64-F476-F1D3-94225BF27AB8}.Debug|Any CPU.Build.0 = Debug|Any CPU
		{D8D1A8EE-8B64-F476-F1D3-94225BF27AB8}.Release|Any CPU.ActiveCfg = Release|Any CPU
		{D8D1A8EE-8B64-F476-F1D3-94225BF27AB8}.Release|Any CPU.Build.0 = Release|Any CPU
	EndGlobalSection
	GlobalSection(SolutionProperties) = preSolution
		HideSolutionNode = FALSE
	EndGlobalSection
EndGlobal
