
Microsoft Visual Studio Solution File, Format Version 12.00
# Visual Studio 15
Project("{FAE04EC0-301F-11D3-BF4B-00C04F79EFBC}") = "Assembly-CSharp", "Assembly-CSharp.csproj", "{11504D74-19EF-B4EA-8257-361781F010A5}"
EndProject
Project("{FAE04EC0-301F-11D3-BF4B-00C04F79EFBC}") = "Assembly-CSharp-Editor", "Assembly-CSharp-Editor.csproj", "{30822B66-02E3-F916-A575-453B3B7B8556}"
EndProject
Global
	GlobalSection(SolutionConfigurationPlatforms) = preSolution
		Debug|Any CPU = Debug|Any CPU
		Release|Any CPU = Release|Any CPU
	EndGlobalSection
	GlobalSection(ProjectConfigurationPlatforms) = postSolution
		{11504D74-19EF-B4EA-8257-361781F010A5}.Debug|Any CPU.ActiveCfg = Debug|Any CPU
		{11504D74-19EF-B4EA-8257-361781F010A5}.Debug|Any CPU.Build.0 = Debug|Any CPU
		{11504D74-19EF-B4EA-8257-361781F010A5}.Release|Any CPU.ActiveCfg = Release|Any CPU
		{11504D74-19EF-B4EA-8257-361781F010A5}.Release|Any CPU.Build.0 = Release|Any CPU
		{30822B66-02E3-F916-A575-453B3B7B8556}.Debug|Any CPU.ActiveCfg = Debug|Any CPU
		{30822B66-02E3-F916-A575-453B3B7B8556}.Debug|Any CPU.Build.0 = Debug|Any CPU
		{30822B66-02E3-F916-A575-453B3B7B8556}.Release|Any CPU.ActiveCfg = Release|Any CPU
		{30822B66-02E3-F916-A575-453B3B7B8556}.Release|Any CPU.Build.0 = Release|Any CPU
	EndGlobalSection
	GlobalSection(SolutionProperties) = preSolution
		HideSolutionNode = FALSE
	EndGlobalSection
EndGlobal
