
Microsoft Visual Studio Solution File, Format Version 12.00
# Visual Studio 15
Project("{FAE04EC0-301F-11D3-BF4B-00C04F79EFBC}") = "Assembly-CSharp", "Assembly-CSharp.csproj", "{3E98F280-D094-2E7E-C12A-14B60068E011}"
EndProject
Project("{FAE04EC0-301F-11D3-BF4B-00C04F79EFBC}") = "Assembly-CSharp-Editor", "Assembly-CSharp-Editor.csproj", "{FE6ABAF0-CEAA-6549-347D-74401B57D9F1}"
EndProject
Global
	GlobalSection(SolutionConfigurationPlatforms) = preSolution
		Debug|Any CPU = Debug|Any CPU
		Release|Any CPU = Release|Any CPU
	EndGlobalSection
	GlobalSection(ProjectConfigurationPlatforms) = postSolution
		{3E98F280-D094-2E7E-C12A-14B60068E011}.Debug|Any CPU.ActiveCfg = Debug|Any CPU
		{3E98F280-D094-2E7E-C12A-14B60068E011}.Debug|Any CPU.Build.0 = Debug|Any CPU
		{3E98F280-D094-2E7E-C12A-14B60068E011}.Release|Any CPU.ActiveCfg = Release|Any CPU
		{3E98F280-D094-2E7E-C12A-14B60068E011}.Release|Any CPU.Build.0 = Release|Any CPU
		{FE6ABAF0-CEAA-6549-347D-74401B57D9F1}.Debug|Any CPU.ActiveCfg = Debug|Any CPU
		{FE6ABAF0-CEAA-6549-347D-74401B57D9F1}.Debug|Any CPU.Build.0 = Debug|Any CPU
		{FE6ABAF0-CEAA-6549-347D-74401B57D9F1}.Release|Any CPU.ActiveCfg = Release|Any CPU
		{FE6ABAF0-CEAA-6549-347D-74401B57D9F1}.Release|Any CPU.Build.0 = Release|Any CPU
	EndGlobalSection
	GlobalSection(SolutionProperties) = preSolution
		HideSolutionNode = FALSE
	EndGlobalSection
EndGlobal
