
Microsoft Visual Studio Solution File, Format Version 12.00
# Visual Studio 15
Project("{FAE04EC0-301F-11D3-BF4B-00C04F79EFBC}") = "Assembly-CSharp", "Assembly-CSharp.csproj", "{E7E56DAD-D71A-85A6-61F6-9E0BB39307F3}"
EndProject
Project("{FAE04EC0-301F-11D3-BF4B-00C04F79EFBC}") = "Assembly-CSharp-firstpass", "Assembly-CSharp-firstpass.csproj", "{4283DD3C-624D-C842-D970-F9AC72E963D7}"
EndProject
Project("{FAE04EC0-301F-11D3-BF4B-00C04F79EFBC}") = "Assembly-CSharp-Editor", "Assembly-CSharp-Editor.csproj", "{96A62C09-2D89-268C-6B39-F183B9EC1DAD}"
EndProject
Global
	GlobalSection(SolutionConfigurationPlatforms) = preSolution
		Debug|Any CPU = Debug|Any CPU
		Release|Any CPU = Release|Any CPU
	EndGlobalSection
	GlobalSection(ProjectConfigurationPlatforms) = postSolution
		{E7E56DAD-D71A-85A6-61F6-9E0BB39307F3}.Debug|Any CPU.ActiveCfg = Debug|Any CPU
		{E7E56DAD-D71A-85A6-61F6-9E0BB39307F3}.Debug|Any CPU.Build.0 = Debug|Any CPU
		{E7E56DAD-D71A-85A6-61F6-9E0BB39307F3}.Release|Any CPU.ActiveCfg = Release|Any CPU
		{E7E56DAD-D71A-85A6-61F6-9E0BB39307F3}.Release|Any CPU.Build.0 = Release|Any CPU
		{4283DD3C-624D-C842-D970-F9AC72E963D7}.Debug|Any CPU.ActiveCfg = Debug|Any CPU
		{4283DD3C-624D-C842-D970-F9AC72E963D7}.Debug|Any CPU.Build.0 = Debug|Any CPU
		{4283DD3C-624D-C842-D970-F9AC72E963D7}.Release|Any CPU.ActiveCfg = Release|Any CPU
		{4283DD3C-624D-C842-D970-F9AC72E963D7}.Release|Any CPU.Build.0 = Release|Any CPU
		{96A62C09-2D89-268C-6B39-F183B9EC1DAD}.Debug|Any CPU.ActiveCfg = Debug|Any CPU
		{96A62C09-2D89-268C-6B39-F183B9EC1DAD}.Debug|Any CPU.Build.0 = Debug|Any CPU
		{96A62C09-2D89-268C-6B39-F183B9EC1DAD}.Release|Any CPU.ActiveCfg = Release|Any CPU
		{96A62C09-2D89-268C-6B39-F183B9EC1DAD}.Release|Any CPU.Build.0 = Release|Any CPU
	EndGlobalSection
	GlobalSection(SolutionProperties) = preSolution
		HideSolutionNode = FALSE
	EndGlobalSection
EndGlobal
